
Microsoft Visual Studio Solution File, Format Version 12.00
# Visual Studio Version 17
VisualStudioVersion = 17.7.34031.279
MinimumVisualStudioVersion = 10.0.40219.1
Project("{FAE04EC0-301F-11D3-BF4B-00C04F79EFBC}") = "ok-l'hai-fatto", "ok-l'hai-fatto\ok-l'hai-fatto.csproj", "{A6479946-905D-43BA-8921-9C5DD9626715}"
EndProject
Global
	GlobalSection(SolutionConfigurationPlatforms) = preSolution
		Debug|Any CPU = Debug|Any CPU
		Release|Any CPU = Release|Any CPU
	EndGlobalSection
	GlobalSection(ProjectConfigurationPlatforms) = postSolution
		{A6479946-905D-43BA-8921-9C5DD9626715}.Debug|Any CPU.ActiveCfg = Debug|Any CPU
		{A6479946-905D-43BA-8921-9C5DD9626715}.Debug|Any CPU.Build.0 = Debug|Any CPU
		{A6479946-905D-43BA-8921-9C5DD9626715}.Release|Any CPU.ActiveCfg = Release|Any CPU
		{A6479946-905D-43BA-8921-9C5DD9626715}.Release|Any CPU.Build.0 = Release|Any CPU
	EndGlobalSection
	GlobalSection(SolutionProperties) = preSolution
		HideSolutionNode = FALSE
	EndGlobalSection
	GlobalSection(ExtensibilityGlobals) = postSolution
		SolutionGuid = {A895585E-272C-42EF-8CB0-895564C94C39}
	EndGlobalSection
EndGlobal
